
Microsoft Visual Studio Solution File, Format Version 12.00
# Visual Studio Version 17
VisualStudioVersion = 17.13.35919.96 d17.13
MinimumVisualStudioVersion = 10.0.40219.1
Project("{FAE04EC0-301F-11D3-BF4B-00C04F79EFBC}") = "STT_lab_12_alarm_form", "STT_lab_12_alarm_form\STT_lab_12_alarm_form.csproj", "{2E7B456A-9D45-4C75-A3BE-CA2232A1B565}"
EndProject
Global
	GlobalSection(SolutionConfigurationPlatforms) = preSolution
		Debug|Any CPU = Debug|Any CPU
		Release|Any CPU = Release|Any CPU
	EndGlobalSection
	GlobalSection(ProjectConfigurationPlatforms) = postSolution
		{2E7B456A-9D45-4C75-A3BE-CA2232A1B565}.Debug|Any CPU.ActiveCfg = Debug|Any CPU
		{2E7B456A-9D45-4C75-A3BE-CA2232A1B565}.Debug|Any CPU.Build.0 = Debug|Any CPU
		{2E7B456A-9D45-4C75-A3BE-CA2232A1B565}.Release|Any CPU.ActiveCfg = Release|Any CPU
		{2E7B456A-9D45-4C75-A3BE-CA2232A1B565}.Release|Any CPU.Build.0 = Release|Any CPU
	EndGlobalSection
	GlobalSection(SolutionProperties) = preSolution
		HideSolutionNode = FALSE
	EndGlobalSection
	GlobalSection(ExtensibilityGlobals) = postSolution
		SolutionGuid = {988EF251-F197-4381-85AC-CB0962D4555B}
	EndGlobalSection
EndGlobal
